
Microsoft Visual Studio Solution File, Format Version 12.00
# Visual Studio 2012
Project("{FAE04EC0-301F-11D3-BF4B-00C04F79EFBC}") = "TestMvc4", "TestMvc4\TestMvc4.csproj", "{3FD533D8-C0B8-466B-93D1-392D30078FA5}"
EndProject
Project("{2150E333-8FDC-42A3-9474-1A3956D46DE8}") = "1.Common", "1.Common", "{0811A4AC-112A-49DA-A061-93E6E310EC54}"
EndProject
Project("{2150E333-8FDC-42A3-9474-1A3956D46DE8}") = "3.Web", "3.Web", "{51C85C17-0D88-49B3-81AD-E333D9C87578}"
EndProject
Project("{2150E333-8FDC-42A3-9474-1A3956D46DE8}") = "2.DB", "2.DB", "{895791C7-479E-4496-AE6A-7D353385DDB7}"
EndProject
Project("{FAE04EC0-301F-11D3-BF4B-00C04F79EFBC}") = "CommonUtil", "CommonVs2012\CommonUtil\CommonUtil.csproj", "{F79E7062-571F-4D94-964C-BC4D554A2A4C}"
EndProject
Global
	GlobalSection(SolutionConfigurationPlatforms) = preSolution
		Debug|Any CPU = Debug|Any CPU
		Release|Any CPU = Release|Any CPU
	EndGlobalSection
	GlobalSection(ProjectConfigurationPlatforms) = postSolution
		{3FD533D8-C0B8-466B-93D1-392D30078FA5}.Debug|Any CPU.ActiveCfg = Debug|Any CPU
		{3FD533D8-C0B8-466B-93D1-392D30078FA5}.Debug|Any CPU.Build.0 = Debug|Any CPU
		{3FD533D8-C0B8-466B-93D1-392D30078FA5}.Release|Any CPU.ActiveCfg = Release|Any CPU
		{3FD533D8-C0B8-466B-93D1-392D30078FA5}.Release|Any CPU.Build.0 = Release|Any CPU
		{F79E7062-571F-4D94-964C-BC4D554A2A4C}.Debug|Any CPU.ActiveCfg = Debug|Any CPU
		{F79E7062-571F-4D94-964C-BC4D554A2A4C}.Debug|Any CPU.Build.0 = Debug|Any CPU
		{F79E7062-571F-4D94-964C-BC4D554A2A4C}.Release|Any CPU.ActiveCfg = Release|Any CPU
		{F79E7062-571F-4D94-964C-BC4D554A2A4C}.Release|Any CPU.Build.0 = Release|Any CPU
	EndGlobalSection
	GlobalSection(SolutionProperties) = preSolution
		HideSolutionNode = FALSE
	EndGlobalSection
	GlobalSection(NestedProjects) = preSolution
		{F79E7062-571F-4D94-964C-BC4D554A2A4C} = {0811A4AC-112A-49DA-A061-93E6E310EC54}
		{3FD533D8-C0B8-466B-93D1-392D30078FA5} = {51C85C17-0D88-49B3-81AD-E333D9C87578}
	EndGlobalSection
EndGlobal
